
Microsoft Visual Studio Solution File, Format Version 12.00
# Visual Studio Version 17
VisualStudioVersion = 17.10.35027.167
MinimumVisualStudioVersion = 10.0.40219.1
Project("{FAE04EC0-301F-11D3-BF4B-00C04F79EFBC}") = "StudentRegistrationSystem", "StudentRegistrationSystem.csproj", "{F8CE7E2C-0084-430D-B144-73A8357E7D9E}"
EndProject
Global
	GlobalSection(SolutionConfigurationPlatforms) = preSolution
		Debug|Any CPU = Debug|Any CPU
		Release|Any CPU = Release|Any CPU
	EndGlobalSection
	GlobalSection(ProjectConfigurationPlatforms) = postSolution
		{F8CE7E2C-0084-430D-B144-73A8357E7D9E}.Debug|Any CPU.ActiveCfg = Debug|Any CPU
		{F8CE7E2C-0084-430D-B144-73A8357E7D9E}.Debug|Any CPU.Build.0 = Debug|Any CPU
		{F8CE7E2C-0084-430D-B144-73A8357E7D9E}.Release|Any CPU.ActiveCfg = Release|Any CPU
		{F8CE7E2C-0084-430D-B144-73A8357E7D9E}.Release|Any CPU.Build.0 = Release|Any CPU
	EndGlobalSection
	GlobalSection(SolutionProperties) = preSolution
		HideSolutionNode = FALSE
	EndGlobalSection
	GlobalSection(ExtensibilityGlobals) = postSolution
		SolutionGuid = {AEAA7EAC-69DE-4237-9B31-4720BA6871E4}
	EndGlobalSection
EndGlobal
